<?xml version="1.0" encoding="utf-8"?>
<Project ToolsVersion="4.0" xmlns="http://schemas.microsoft.com/developer/msbuild/2003">
  <ItemGroup>
    <Filter Include="Quelldateien">
      <UniqueIdentifier>{4FC737F1-C7A5-4376-A066-2A32D752A2FF}</UniqueIdentifier>
      <Extensions>cpp;c;cc;cxx;c++;cppm;ixx;def;odl;idl;hpj;bat;asm;asmx</Extensions>
    </Filter>
    <Filter Include="Headerdateien">
      <UniqueIdentifier>{93995380-89BD-4b04-88EB-625FBE52EBFB}</UniqueIdentifier>
      <Extensions>h;hh;hpp;hxx;h++;hm;inl;inc;ipp;xsd</Extensions>
    </Filter>
    <Filter Include="Ressourcendateien">
      <UniqueIdentifier>{67DA6AB6-F800-4c08-8B7A-83BB121AAD01}</UniqueIdentifier>
      <Extensions>rc;ico;cur;bmp;dlg;rc2;rct;bin;rgs;gif;jpg;jpeg;jpe;resx;tiff;tif;png;wav;mfcribbon-ms</Extensions>
    </Filter>
    <Filter Include="Headerdateien\Wrapper">
      <UniqueIdentifier>{0a81e4e9-f7b1-4f88-85a9-91e035aabd45}</UniqueIdentifier>
    </Filter>
    <Filter Include="Quelldateien\Wrapper">
      <UniqueIdentifier>{bdf1eda1-e36a-42ca-a41e-e7371c9cce45}</UniqueIdentifier>
    </Filter>
  </ItemGroup>
  <ItemGroup>
    <ClInclude Include="jvmtiWrapThreading.h">
      <Filter>Headerdateien\Wrapper</Filter>
    </ClInclude>
    <ClInclude Include="jvmtiWrap.h">
      <Filter>Headerdateien\Wrapper</Filter>
    </ClInclude>
    <ClInclude Include="jvmtiConverter.h">
      <Filter>Headerdateien</Filter>
    </ClInclude>
    <ClInclude Include="jvmtiWrapCapabilities.h">
      <Filter>Headerdateien\Wrapper</Filter>
    </ClInclude>
    <ClInclude Include="jvmtiWrapInstrumentation.h">
      <Filter>Headerdateien\Wrapper</Filter>
    </ClInclude>
    <ClInclude Include="jvmtiWrapCallbacks.h">
      <Filter>Headerdateien\Wrapper</Filter>
    </ClInclude>
  </ItemGroup>
  <ItemGroup>
    <ClCompile Include="jvmtiWrap.cpp">
      <Filter>Quelldateien\Wrapper</Filter>
    </ClCompile>
    <ClCompile Include="jvmtiWrapThreading.cpp">
      <Filter>Quelldateien\Wrapper</Filter>
    </ClCompile>
    <ClCompile Include="jvmtiConverter.cpp">
      <Filter>Quelldateien</Filter>
    </ClCompile>
    <ClCompile Include="jvmtiWrapCapabilities.cpp">
      <Filter>Quelldateien\Wrapper</Filter>
    </ClCompile>
    <ClCompile Include="jvmtiWrapInstrumentation.cpp">
      <Filter>Quelldateien\Wrapper</Filter>
    </ClCompile>
    <ClCompile Include="jvmtiWrapCallbacks.cpp">
      <Filter>Quelldateien\Wrapper</Filter>
    </ClCompile>
  </ItemGroup>
</Project>